
Microsoft Visual Studio Solution File, Format Version 12.00
# Visual Studio Version 16
VisualStudioVersion = 16.0.30907.101
MinimumVisualStudioVersion = 10.0.40219.1
Project("{159641D6-6404-4A2A-AE62-294DE0FE8301}") = "CrimeStatistic.SSIS", "CrimeStatistic.SSIS.dtproj", "{3BA8538C-7088-4AD4-99A9-D697D4B17738}"
EndProject
Global
	GlobalSection(SolutionConfigurationPlatforms) = preSolution
		Development|Default = Development|Default
	EndGlobalSection
	GlobalSection(ProjectConfigurationPlatforms) = postSolution
		{3BA8538C-7088-4AD4-99A9-D697D4B17738}.Development|Default.ActiveCfg = Development
		{3BA8538C-7088-4AD4-99A9-D697D4B17738}.Development|Default.Build.0 = Development
	EndGlobalSection
	GlobalSection(SolutionProperties) = preSolution
		HideSolutionNode = FALSE
	EndGlobalSection
	GlobalSection(ExtensibilityGlobals) = postSolution
		SolutionGuid = {29947CAE-33D4-4EFF-B530-A7A878AC1451}
	EndGlobalSection
EndGlobal
